
Microsoft Visual Studio Solution File, Format Version 12.00
# Visual Studio Version 16
VisualStudioVersion = 16.0.30114.105
MinimumVisualStudioVersion = 10.0.40219.1
Project("{FAE04EC0-301F-11D3-BF4B-00C04F79EFBC}") = "Arrays Left Rotation", "Arrays Left Rotation\Arrays Left Rotation.csproj", "{72FB5968-6C80-487A-801B-A3746AE17C3B}"
EndProject
Global
	GlobalSection(SolutionConfigurationPlatforms) = preSolution
		Debug|Any CPU = Debug|Any CPU
		Release|Any CPU = Release|Any CPU
	EndGlobalSection
	GlobalSection(ProjectConfigurationPlatforms) = postSolution
		{72FB5968-6C80-487A-801B-A3746AE17C3B}.Debug|Any CPU.ActiveCfg = Debug|Any CPU
		{72FB5968-6C80-487A-801B-A3746AE17C3B}.Debug|Any CPU.Build.0 = Debug|Any CPU
		{72FB5968-6C80-487A-801B-A3746AE17C3B}.Release|Any CPU.ActiveCfg = Release|Any CPU
		{72FB5968-6C80-487A-801B-A3746AE17C3B}.Release|Any CPU.Build.0 = Release|Any CPU
	EndGlobalSection
	GlobalSection(SolutionProperties) = preSolution
		HideSolutionNode = FALSE
	EndGlobalSection
	GlobalSection(ExtensibilityGlobals) = postSolution
		SolutionGuid = {3993EFC4-2527-4A25-8483-CB34C324C9DE}
	EndGlobalSection
EndGlobal
